
Microsoft Visual Studio Solution File, Format Version 12.00
# Visual Studio Version 17
VisualStudioVersion = 17.0.31903.59
MinimumVisualStudioVersion = 10.0.40219.1
Project("{2150E333-8FDC-42A3-9474-1A3956D46DE8}") = "src", "src", "{827E0CD3-B72D-47B6-A68D-7590B98EB39B}"
EndProject
Project("{FAE04EC0-301F-11D3-BF4B-00C04F79EFBC}") = "UserService", "src\UserService\UserService.csproj", "{5F2C4A1B-A027-40DA-93CB-9FE7C6A68E6A}"
EndProject
Project("{FAE04EC0-301F-11D3-BF4B-00C04F79EFBC}") = "UserService.Tests", "tests\UserService.Tests\UserService.Tests.csproj", "{9A94E933-45FB-497C-B055-63714A8E034E}"
EndProject
Project("{2150E333-8FDC-42A3-9474-1A3956D46DE8}") = "Shared", "Shared", "{C8E42992-5E42-0C2B-DBFE-AA848D06431C}"
EndProject
Project("{FAE04EC0-301F-11D3-BF4B-00C04F79EFBC}") = "Shared.Messaging", "src\Shared\Shared.Messaging\Shared.Messaging.csproj", "{F17730A4-6383-4BA3-AF9A-39F22B78232D}"
EndProject
Project("{FAE04EC0-301F-11D3-BF4B-00C04F79EFBC}") = "OrderService", "src\OrderService\OrderService.csproj", "{3A02BEA5-F62B-4468-996F-B89BC65CCECB}"
EndProject
Project("{2150E333-8FDC-42A3-9474-1A3956D46DE8}") = "tests", "tests", "{0AB3BF05-4346-4AA6-1389-037BE0695223}"
EndProject
Project("{FAE04EC0-301F-11D3-BF4B-00C04F79EFBC}") = "OrderService.Tests", "tests\OrderService.Tests\OrderService.Tests.csproj", "{7B63F0FE-F723-43C3-AF40-CBBC53BA707E}"
EndProject
Global
	GlobalSection(SolutionConfigurationPlatforms) = preSolution
		Debug|Any CPU = Debug|Any CPU
		Debug|x64 = Debug|x64
		Debug|x86 = Debug|x86
		Release|Any CPU = Release|Any CPU
		Release|x64 = Release|x64
		Release|x86 = Release|x86
	EndGlobalSection
	GlobalSection(ProjectConfigurationPlatforms) = postSolution
		{5F2C4A1B-A027-40DA-93CB-9FE7C6A68E6A}.Debug|Any CPU.ActiveCfg = Debug|Any CPU
		{5F2C4A1B-A027-40DA-93CB-9FE7C6A68E6A}.Debug|Any CPU.Build.0 = Debug|Any CPU
		{5F2C4A1B-A027-40DA-93CB-9FE7C6A68E6A}.Debug|x64.ActiveCfg = Debug|Any CPU
		{5F2C4A1B-A027-40DA-93CB-9FE7C6A68E6A}.Debug|x64.Build.0 = Debug|Any CPU
		{5F2C4A1B-A027-40DA-93CB-9FE7C6A68E6A}.Debug|x86.ActiveCfg = Debug|Any CPU
		{5F2C4A1B-A027-40DA-93CB-9FE7C6A68E6A}.Debug|x86.Build.0 = Debug|Any CPU
		{5F2C4A1B-A027-40DA-93CB-9FE7C6A68E6A}.Release|Any CPU.ActiveCfg = Release|Any CPU
		{5F2C4A1B-A027-40DA-93CB-9FE7C6A68E6A}.Release|Any CPU.Build.0 = Release|Any CPU
		{5F2C4A1B-A027-40DA-93CB-9FE7C6A68E6A}.Release|x64.ActiveCfg = Release|Any CPU
		{5F2C4A1B-A027-40DA-93CB-9FE7C6A68E6A}.Release|x64.Build.0 = Release|Any CPU
		{5F2C4A1B-A027-40DA-93CB-9FE7C6A68E6A}.Release|x86.ActiveCfg = Release|Any CPU
		{5F2C4A1B-A027-40DA-93CB-9FE7C6A68E6A}.Release|x86.Build.0 = Release|Any CPU
		{9A94E933-45FB-497C-B055-63714A8E034E}.Debug|Any CPU.ActiveCfg = Debug|Any CPU
		{9A94E933-45FB-497C-B055-63714A8E034E}.Debug|Any CPU.Build.0 = Debug|Any CPU
		{9A94E933-45FB-497C-B055-63714A8E034E}.Debug|x64.ActiveCfg = Debug|Any CPU
		{9A94E933-45FB-497C-B055-63714A8E034E}.Debug|x64.Build.0 = Debug|Any CPU
		{9A94E933-45FB-497C-B055-63714A8E034E}.Debug|x86.ActiveCfg = Debug|Any CPU
		{9A94E933-45FB-497C-B055-63714A8E034E}.Debug|x86.Build.0 = Debug|Any CPU
		{9A94E933-45FB-497C-B055-63714A8E034E}.Release|Any CPU.ActiveCfg = Release|Any CPU
		{9A94E933-45FB-497C-B055-63714A8E034E}.Release|Any CPU.Build.0 = Release|Any CPU
		{9A94E933-45FB-497C-B055-63714A8E034E}.Release|x64.ActiveCfg = Release|Any CPU
		{9A94E933-45FB-497C-B055-63714A8E034E}.Release|x64.Build.0 = Release|Any CPU
		{9A94E933-45FB-497C-B055-63714A8E034E}.Release|x86.ActiveCfg = Release|Any CPU
		{9A94E933-45FB-497C-B055-63714A8E034E}.Release|x86.Build.0 = Release|Any CPU
		{F17730A4-6383-4BA3-AF9A-39F22B78232D}.Debug|Any CPU.ActiveCfg = Debug|Any CPU
		{F17730A4-6383-4BA3-AF9A-39F22B78232D}.Debug|Any CPU.Build.0 = Debug|Any CPU
		{F17730A4-6383-4BA3-AF9A-39F22B78232D}.Debug|x64.ActiveCfg = Debug|Any CPU
		{F17730A4-6383-4BA3-AF9A-39F22B78232D}.Debug|x64.Build.0 = Debug|Any CPU
		{F17730A4-6383-4BA3-AF9A-39F22B78232D}.Debug|x86.ActiveCfg = Debug|Any CPU
		{F17730A4-6383-4BA3-AF9A-39F22B78232D}.Debug|x86.Build.0 = Debug|Any CPU
		{F17730A4-6383-4BA3-AF9A-39F22B78232D}.Release|Any CPU.ActiveCfg = Release|Any CPU
		{F17730A4-6383-4BA3-AF9A-39F22B78232D}.Release|Any CPU.Build.0 = Release|Any CPU
		{F17730A4-6383-4BA3-AF9A-39F22B78232D}.Release|x64.ActiveCfg = Release|Any CPU
		{F17730A4-6383-4BA3-AF9A-39F22B78232D}.Release|x64.Build.0 = Release|Any CPU
		{F17730A4-6383-4BA3-AF9A-39F22B78232D}.Release|x86.ActiveCfg = Release|Any CPU
		{F17730A4-6383-4BA3-AF9A-39F22B78232D}.Release|x86.Build.0 = Release|Any CPU
		{3A02BEA5-F62B-4468-996F-B89BC65CCECB}.Debug|Any CPU.ActiveCfg = Debug|Any CPU
		{3A02BEA5-F62B-4468-996F-B89BC65CCECB}.Debug|Any CPU.Build.0 = Debug|Any CPU
		{3A02BEA5-F62B-4468-996F-B89BC65CCECB}.Debug|x64.ActiveCfg = Debug|Any CPU
		{3A02BEA5-F62B-4468-996F-B89BC65CCECB}.Debug|x64.Build.0 = Debug|Any CPU
		{3A02BEA5-F62B-4468-996F-B89BC65CCECB}.Debug|x86.ActiveCfg = Debug|Any CPU
		{3A02BEA5-F62B-4468-996F-B89BC65CCECB}.Debug|x86.Build.0 = Debug|Any CPU
		{3A02BEA5-F62B-4468-996F-B89BC65CCECB}.Release|Any CPU.ActiveCfg = Release|Any CPU
		{3A02BEA5-F62B-4468-996F-B89BC65CCECB}.Release|Any CPU.Build.0 = Release|Any CPU
		{3A02BEA5-F62B-4468-996F-B89BC65CCECB}.Release|x64.ActiveCfg = Release|Any CPU
		{3A02BEA5-F62B-4468-996F-B89BC65CCECB}.Release|x64.Build.0 = Release|Any CPU
		{3A02BEA5-F62B-4468-996F-B89BC65CCECB}.Release|x86.ActiveCfg = Release|Any CPU
		{3A02BEA5-F62B-4468-996F-B89BC65CCECB}.Release|x86.Build.0 = Release|Any CPU
		{7B63F0FE-F723-43C3-AF40-CBBC53BA707E}.Debug|Any CPU.ActiveCfg = Debug|Any CPU
		{7B63F0FE-F723-43C3-AF40-CBBC53BA707E}.Debug|Any CPU.Build.0 = Debug|Any CPU
		{7B63F0FE-F723-43C3-AF40-CBBC53BA707E}.Debug|x64.ActiveCfg = Debug|Any CPU
		{7B63F0FE-F723-43C3-AF40-CBBC53BA707E}.Debug|x64.Build.0 = Debug|Any CPU
		{7B63F0FE-F723-43C3-AF40-CBBC53BA707E}.Debug|x86.ActiveCfg = Debug|Any CPU
		{7B63F0FE-F723-43C3-AF40-CBBC53BA707E}.Debug|x86.Build.0 = Debug|Any CPU
		{7B63F0FE-F723-43C3-AF40-CBBC53BA707E}.Release|Any CPU.ActiveCfg = Release|Any CPU
		{7B63F0FE-F723-43C3-AF40-CBBC53BA707E}.Release|Any CPU.Build.0 = Release|Any CPU
		{7B63F0FE-F723-43C3-AF40-CBBC53BA707E}.Release|x64.ActiveCfg = Release|Any CPU
		{7B63F0FE-F723-43C3-AF40-CBBC53BA707E}.Release|x64.Build.0 = Release|Any CPU
		{7B63F0FE-F723-43C3-AF40-CBBC53BA707E}.Release|x86.ActiveCfg = Release|Any CPU
		{7B63F0FE-F723-43C3-AF40-CBBC53BA707E}.Release|x86.Build.0 = Release|Any CPU
	EndGlobalSection
	GlobalSection(SolutionProperties) = preSolution
		HideSolutionNode = FALSE
	EndGlobalSection
	GlobalSection(NestedProjects) = preSolution
		{5F2C4A1B-A027-40DA-93CB-9FE7C6A68E6A} = {827E0CD3-B72D-47B6-A68D-7590B98EB39B}
		{9A94E933-45FB-497C-B055-63714A8E034E} = {827E0CD3-B72D-47B6-A68D-7590B98EB39B}
		{C8E42992-5E42-0C2B-DBFE-AA848D06431C} = {827E0CD3-B72D-47B6-A68D-7590B98EB39B}
		{F17730A4-6383-4BA3-AF9A-39F22B78232D} = {C8E42992-5E42-0C2B-DBFE-AA848D06431C}
		{3A02BEA5-F62B-4468-996F-B89BC65CCECB} = {C8E42992-5E42-0C2B-DBFE-AA848D06431C}
		{7B63F0FE-F723-43C3-AF40-CBBC53BA707E} = {0AB3BF05-4346-4AA6-1389-037BE0695223}
	EndGlobalSection
EndGlobal
